
Microsoft Visual Studio Solution File, Format Version 12.00
# Visual Studio 15
VisualStudioVersion = 15.0.28307.645
MinimumVisualStudioVersion = 10.0.40219.1
Project("{FAE04EC0-301F-11D3-BF4B-00C04F79EFBC}") = "reinoAnimalLorena", "reinoAnimalLorena\reinoAnimalLorena.csproj", "{B1B59CCF-E7EF-4523-A66A-180F9E6E90D7}"
EndProject
Global
	GlobalSection(SolutionConfigurationPlatforms) = preSolution
		Debug|Any CPU = Debug|Any CPU
		Release|Any CPU = Release|Any CPU
	EndGlobalSection
	GlobalSection(ProjectConfigurationPlatforms) = postSolution
		{B1B59CCF-E7EF-4523-A66A-180F9E6E90D7}.Debug|Any CPU.ActiveCfg = Debug|Any CPU
		{B1B59CCF-E7EF-4523-A66A-180F9E6E90D7}.Debug|Any CPU.Build.0 = Debug|Any CPU
		{B1B59CCF-E7EF-4523-A66A-180F9E6E90D7}.Release|Any CPU.ActiveCfg = Release|Any CPU
		{B1B59CCF-E7EF-4523-A66A-180F9E6E90D7}.Release|Any CPU.Build.0 = Release|Any CPU
	EndGlobalSection
	GlobalSection(SolutionProperties) = preSolution
		HideSolutionNode = FALSE
	EndGlobalSection
	GlobalSection(ExtensibilityGlobals) = postSolution
		SolutionGuid = {9F7694DD-1C32-4822-A84F-7D7E9C74FEB6}
	EndGlobalSection
EndGlobal
